
Microsoft Visual Studio Solution File, Format Version 12.00
Project("{FAE04EC0-301F-11D3-BF4B-00C04F79EFBC}") = "OrderTechnicalTest", "OrderTechnicalTest\OrderTechnicalTest.csproj", "{588B8F01-74B7-4563-AF1D-9F4E645342B2}"
EndProject
Global
	GlobalSection(SolutionConfigurationPlatforms) = preSolution
		Debug|Any CPU = Debug|Any CPU
		Release|Any CPU = Release|Any CPU
	EndGlobalSection
	GlobalSection(ProjectConfigurationPlatforms) = postSolution
		{588B8F01-74B7-4563-AF1D-9F4E645342B2}.Debug|Any CPU.ActiveCfg = Debug|Any CPU
		{588B8F01-74B7-4563-AF1D-9F4E645342B2}.Debug|Any CPU.Build.0 = Debug|Any CPU
		{588B8F01-74B7-4563-AF1D-9F4E645342B2}.Release|Any CPU.ActiveCfg = Release|Any CPU
		{588B8F01-74B7-4563-AF1D-9F4E645342B2}.Release|Any CPU.Build.0 = Release|Any CPU
	EndGlobalSection
EndGlobal
